
Microsoft Visual Studio Solution File, Format Version 11.00
# Visual Studio 2010
Project("{FAE04EC0-301F-11D3-BF4B-00C04F79EFBC}") = "UNetDissonance", "Assembly-CSharp.csproj", "{CD90817E-0B5B-6084-FF95-7F38E3490790}"
EndProject
Project("{FAE04EC0-301F-11D3-BF4B-00C04F79EFBC}") = "UNetDissonance", "Assembly-CSharp-firstpass.csproj", "{2B0583F4-132D-5EF9-B889-EBCED50BA6A0}"
EndProject
Project("{FAE04EC0-301F-11D3-BF4B-00C04F79EFBC}") = "UNetDissonance", "Assembly-CSharp-Editor.csproj", "{B5BF9355-C12F-C8C9-9CD3-A6697938E436}"
EndProject
Project("{FAE04EC0-301F-11D3-BF4B-00C04F79EFBC}") = "UNetDissonance", "Assembly-CSharp-Editor-firstpass.csproj", "{04D75F28-5C54-B1DB-CFAF-2B21DAC3AAE7}"
EndProject
Global
	GlobalSection(SolutionConfigurationPlatforms) = preSolution
		Debug|Any CPU = Debug|Any CPU
		Release|Any CPU = Release|Any CPU
	EndGlobalSection
	GlobalSection(ProjectConfigurationPlatforms) = postSolution
		{CD90817E-0B5B-6084-FF95-7F38E3490790}.Debug|Any CPU.ActiveCfg = Debug|Any CPU
		{CD90817E-0B5B-6084-FF95-7F38E3490790}.Debug|Any CPU.Build.0 = Debug|Any CPU
		{CD90817E-0B5B-6084-FF95-7F38E3490790}.Release|Any CPU.ActiveCfg = Release|Any CPU
		{CD90817E-0B5B-6084-FF95-7F38E3490790}.Release|Any CPU.Build.0 = Release|Any CPU
		{2B0583F4-132D-5EF9-B889-EBCED50BA6A0}.Debug|Any CPU.ActiveCfg = Debug|Any CPU
		{2B0583F4-132D-5EF9-B889-EBCED50BA6A0}.Debug|Any CPU.Build.0 = Debug|Any CPU
		{2B0583F4-132D-5EF9-B889-EBCED50BA6A0}.Release|Any CPU.ActiveCfg = Release|Any CPU
		{2B0583F4-132D-5EF9-B889-EBCED50BA6A0}.Release|Any CPU.Build.0 = Release|Any CPU
		{B5BF9355-C12F-C8C9-9CD3-A6697938E436}.Debug|Any CPU.ActiveCfg = Debug|Any CPU
		{B5BF9355-C12F-C8C9-9CD3-A6697938E436}.Debug|Any CPU.Build.0 = Debug|Any CPU
		{B5BF9355-C12F-C8C9-9CD3-A6697938E436}.Release|Any CPU.ActiveCfg = Release|Any CPU
		{B5BF9355-C12F-C8C9-9CD3-A6697938E436}.Release|Any CPU.Build.0 = Release|Any CPU
		{04D75F28-5C54-B1DB-CFAF-2B21DAC3AAE7}.Debug|Any CPU.ActiveCfg = Debug|Any CPU
		{04D75F28-5C54-B1DB-CFAF-2B21DAC3AAE7}.Debug|Any CPU.Build.0 = Debug|Any CPU
		{04D75F28-5C54-B1DB-CFAF-2B21DAC3AAE7}.Release|Any CPU.ActiveCfg = Release|Any CPU
		{04D75F28-5C54-B1DB-CFAF-2B21DAC3AAE7}.Release|Any CPU.Build.0 = Release|Any CPU
	EndGlobalSection
	GlobalSection(SolutionProperties) = preSolution
		HideSolutionNode = FALSE
	EndGlobalSection
	GlobalSection(MonoDevelopProperties) = preSolution
		StartupItem = Assembly-CSharp.csproj
	EndGlobalSection
EndGlobal
