
Microsoft Visual Studio Solution File, Format Version 11.00
# Visual Studio 2010
Project("{FAE04EC0-301F-11D3-BF4B-00C04F79EFBC}") = "UNetTests", "Assembly-CSharp.csproj", "{3988C104-4275-94A8-15D9-8B3DB0C23D6E}"
EndProject
Project("{FAE04EC0-301F-11D3-BF4B-00C04F79EFBC}") = "UNetTests", "Assembly-CSharp-Editor.csproj", "{5FAE9404-87A7-48C9-50D2-C3D7A2202306}"
EndProject
Global
	GlobalSection(SolutionConfigurationPlatforms) = preSolution
		Debug|Any CPU = Debug|Any CPU
		Release|Any CPU = Release|Any CPU
	EndGlobalSection
	GlobalSection(ProjectConfigurationPlatforms) = postSolution
		{3988C104-4275-94A8-15D9-8B3DB0C23D6E}.Debug|Any CPU.ActiveCfg = Debug|Any CPU
		{3988C104-4275-94A8-15D9-8B3DB0C23D6E}.Debug|Any CPU.Build.0 = Debug|Any CPU
		{3988C104-4275-94A8-15D9-8B3DB0C23D6E}.Release|Any CPU.ActiveCfg = Release|Any CPU
		{3988C104-4275-94A8-15D9-8B3DB0C23D6E}.Release|Any CPU.Build.0 = Release|Any CPU
		{5FAE9404-87A7-48C9-50D2-C3D7A2202306}.Debug|Any CPU.ActiveCfg = Debug|Any CPU
		{5FAE9404-87A7-48C9-50D2-C3D7A2202306}.Debug|Any CPU.Build.0 = Debug|Any CPU
		{5FAE9404-87A7-48C9-50D2-C3D7A2202306}.Release|Any CPU.ActiveCfg = Release|Any CPU
		{5FAE9404-87A7-48C9-50D2-C3D7A2202306}.Release|Any CPU.Build.0 = Release|Any CPU
	EndGlobalSection
	GlobalSection(SolutionProperties) = preSolution
		HideSolutionNode = FALSE
	EndGlobalSection
	GlobalSection(MonoDevelopProperties) = preSolution
		StartupItem = Assembly-CSharp.csproj
	EndGlobalSection
EndGlobal
